// !$*UTF8*$!
{
	archiveVersion = 1;
	classes = {
	};
	objectVersion = 50;
	objects = {

/* Begin PBXBuildFile section */
		25EB314123863154008C5904 /* AppDelegate.swift in Sources */ = {isa = PBXBuildFile; fileRef = 25EB314023863154008C5904 /* AppDelegate.swift */; };
		25EB314323863154008C5904 /* SceneDelegate.swift in Sources */ = {isa = PBXBuildFile; fileRef = 25EB314223863154008C5904 /* SceneDelegate.swift */; };
		25EB314523863154008C5904 /* ContentView.swift in Sources */ = {isa = PBXBuildFile; fileRef = 25EB314423863154008C5904 /* ContentView.swift */; };
		25EB314723863155008C5904 /* Assets.xcassets in Resources */ = {isa = PBXBuildFile; fileRef = 25EB314623863155008C5904 /* Assets.xcassets */; };
		25EB314A23863155008C5904 /* Preview Assets.xcassets in Resources */ = {isa = PBXBuildFile; fileRef = 25EB314923863155008C5904 /* Preview Assets.xcassets */; };
		25EB314D23863155008C5904 /* LaunchScreen.storyboard in Resources */ = {isa = PBXBuildFile; fileRef = 25EB314B23863155008C5904 /* LaunchScreen.storyboard */; };
		25EB315523863665008C5904 /* EntryView.swift in Sources */ = {isa = PBXBuildFile; fileRef = 25EB315423863665008C5904 /* EntryView.swift */; };
		25EB315723864440008C5904 /* Entry.swift in Sources */ = {isa = PBXBuildFile; fileRef = 25EB315623864440008C5904 /* Entry.swift */; };
		25EB315923864645008C5904 /* DateExt.swift in Sources */ = {isa = PBXBuildFile; fileRef = 25EB315823864645008C5904 /* DateExt.swift */; };
		E40A5F5E23D3C0470071EB09 /* YearMonthDict.swift in Sources */ = {isa = PBXBuildFile; fileRef = E40A5F5D23D3C0470071EB09 /* YearMonthDict.swift */; };
		E40A5F6023DA386A0071EB09 /* Date+exp.swift in Sources */ = {isa = PBXBuildFile; fileRef = E40A5F5F23DA386A0071EB09 /* Date+exp.swift */; };
		E4457B3A23BAEB9B00E19410 /* NotificationExt.swift in Sources */ = {isa = PBXBuildFile; fileRef = E4457B3923BAEB9B00E19410 /* NotificationExt.swift */; };
		E4457B3C23BDB4B900E19410 /* EntryViewModel.swift in Sources */ = {isa = PBXBuildFile; fileRef = E4457B3B23BDB4B900E19410 /* EntryViewModel.swift */; };
		E4457B3E23BDE2C900E19410 /* GroupRow.swift in Sources */ = {isa = PBXBuildFile; fileRef = E4457B3D23BDE2C900E19410 /* GroupRow.swift */; };
		E45BC43723BAC22700DCF304 /* FontVar.swift in Sources */ = {isa = PBXBuildFile; fileRef = E45BC43623BAC22700DCF304 /* FontVar.swift */; };
		E48850C623C4D8150053F84D /* Constant.swift in Sources */ = {isa = PBXBuildFile; fileRef = E48850C523C4D8150053F84D /* Constant.swift */; };
		E4B5BA6A23D11E7F00ACCAB7 /* InfoSheet.swift in Sources */ = {isa = PBXBuildFile; fileRef = E4B5BA6923D11E7F00ACCAB7 /* InfoSheet.swift */; };
		E4C240B923CE751D00D3430F /* SpecialColour.swift in Sources */ = {isa = PBXBuildFile; fileRef = E4C240B823CE751D00D3430F /* SpecialColour.swift */; };
		E4C240BB23CE90B900D3430F /* CompositeListView.swift in Sources */ = {isa = PBXBuildFile; fileRef = E4C240BA23CE90B900D3430F /* CompositeListView.swift */; };
		E4EA5D6E23D119A3008792B0 /* CustomSpacer.swift in Sources */ = {isa = PBXBuildFile; fileRef = E4EA5D6D23D119A3008792B0 /* CustomSpacer.swift */; };
/* End PBXBuildFile section */

/* Begin PBXFileReference section */
		25EB313D23863154008C5904 /* Journ.app */ = {isa = PBXFileReference; explicitFileType = wrapper.application; includeInIndex = 0; path = Journ.app; sourceTree = BUILT_PRODUCTS_DIR; };
		25EB314023863154008C5904 /* AppDelegate.swift */ = {isa = PBXFileReference; lastKnownFileType = sourcecode.swift; path = AppDelegate.swift; sourceTree = "<group>"; };
		25EB314223863154008C5904 /* SceneDelegate.swift */ = {isa = PBXFileReference; lastKnownFileType = sourcecode.swift; path = SceneDelegate.swift; sourceTree = "<group>"; };
		25EB314423863154008C5904 /* ContentView.swift */ = {isa = PBXFileReference; lastKnownFileType = sourcecode.swift; path = ContentView.swift; sourceTree = "<group>"; };
		25EB314623863155008C5904 /* Assets.xcassets */ = {isa = PBXFileReference; lastKnownFileType = folder.assetcatalog; path = Assets.xcassets; sourceTree = "<group>"; };
		25EB314923863155008C5904 /* Preview Assets.xcassets */ = {isa = PBXFileReference; lastKnownFileType = folder.assetcatalog; path = "Preview Assets.xcassets"; sourceTree = "<group>"; };
		25EB314C23863155008C5904 /* Base */ = {isa = PBXFileReference; lastKnownFileType = file.storyboard; name = Base; path = Base.lproj/LaunchScreen.storyboard; sourceTree = "<group>"; };
		25EB314E23863155008C5904 /* Info.plist */ = {isa = PBXFileReference; lastKnownFileType = text.plist.xml; path = Info.plist; sourceTree = "<group>"; };
		25EB315423863665008C5904 /* EntryView.swift */ = {isa = PBXFileReference; lastKnownFileType = sourcecode.swift; path = EntryView.swift; sourceTree = "<group>"; };
		25EB315623864440008C5904 /* Entry.swift */ = {isa = PBXFileReference; lastKnownFileType = sourcecode.swift; path = Entry.swift; sourceTree = "<group>"; };
		25EB315823864645008C5904 /* DateExt.swift */ = {isa = PBXFileReference; lastKnownFileType = sourcecode.swift; path = DateExt.swift; sourceTree = "<group>"; };
		E40A5F5D23D3C0470071EB09 /* YearMonthDict.swift */ = {isa = PBXFileReference; lastKnownFileType = sourcecode.swift; path = YearMonthDict.swift; sourceTree = "<group>"; };
		E40A5F5F23DA386A0071EB09 /* Date+exp.swift */ = {isa = PBXFileReference; lastKnownFileType = sourcecode.swift; path = "Date+exp.swift"; sourceTree = "<group>"; };
		E4457B3923BAEB9B00E19410 /* NotificationExt.swift */ = {isa = PBXFileReference; lastKnownFileType = sourcecode.swift; path = NotificationExt.swift; sourceTree = "<group>"; };
		E4457B3B23BDB4B900E19410 /* EntryViewModel.swift */ = {isa = PBXFileReference; lastKnownFileType = sourcecode.swift; path = EntryViewModel.swift; sourceTree = "<group>"; };
		E4457B3D23BDE2C900E19410 /* GroupRow.swift */ = {isa = PBXFileReference; lastKnownFileType = sourcecode.swift; path = GroupRow.swift; sourceTree = "<group>"; };
		E45BC43623BAC22700DCF304 /* FontVar.swift */ = {isa = PBXFileReference; lastKnownFileType = sourcecode.swift; path = FontVar.swift; sourceTree = "<group>"; };
		E48850C523C4D8150053F84D /* Constant.swift */ = {isa = PBXFileReference; lastKnownFileType = sourcecode.swift; path = Constant.swift; sourceTree = "<group>"; };
		E4B5BA6923D11E7F00ACCAB7 /* InfoSheet.swift */ = {isa = PBXFileReference; lastKnownFileType = sourcecode.swift; path = InfoSheet.swift; sourceTree = "<group>"; };
		E4C240B823CE751D00D3430F /* SpecialColour.swift */ = {isa = PBXFileReference; lastKnownFileType = sourcecode.swift; path = SpecialColour.swift; sourceTree = "<group>"; };
		E4C240BA23CE90B900D3430F /* CompositeListView.swift */ = {isa = PBXFileReference; lastKnownFileType = sourcecode.swift; path = CompositeListView.swift; sourceTree = "<group>"; };
		E4EA5D6D23D119A3008792B0 /* CustomSpacer.swift */ = {isa = PBXFileReference; lastKnownFileType = sourcecode.swift; path = CustomSpacer.swift; sourceTree = "<group>"; };
/* End PBXFileReference section */

/* Begin PBXFrameworksBuildPhase section */
		25EB313A23863154008C5904 /* Frameworks */ = {
			isa = PBXFrameworksBuildPhase;
			buildActionMask = 2147483647;
			files = (
			);
			runOnlyForDeploymentPostprocessing = 0;
		};
/* End PBXFrameworksBuildPhase section */

/* Begin PBXGroup section */
		25EB313423863154008C5904 = {
			isa = PBXGroup;
			children = (
				25EB313F23863154008C5904 /* Journ */,
				25EB313E23863154008C5904 /* Products */,
			);
			sourceTree = "<group>";
		};
		25EB313E23863154008C5904 /* Products */ = {
			isa = PBXGroup;
			children = (
				25EB313D23863154008C5904 /* Journ.app */,
			);
			name = Products;
			sourceTree = "<group>";
		};
		25EB313F23863154008C5904 /* Journ */ = {
			isa = PBXGroup;
			children = (
				25EB314023863154008C5904 /* AppDelegate.swift */,
				25EB314223863154008C5904 /* SceneDelegate.swift */,
				E4457B4123BDE2DA00E19410 /* Main View */,
				E45BC43A23BAD47700DCF304 /* Helper Tools */,
				E4AD3EA523BAA9A900741D4C /* Entry */,
				25EB314623863155008C5904 /* Assets.xcassets */,
				25EB314B23863155008C5904 /* LaunchScreen.storyboard */,
				25EB314E23863155008C5904 /* Info.plist */,
				25EB314823863155008C5904 /* Preview Content */,
			);
			path = Journ;
			sourceTree = "<group>";
		};
		25EB314823863155008C5904 /* Preview Content */ = {
			isa = PBXGroup;
			children = (
				25EB314923863155008C5904 /* Preview Assets.xcassets */,
			);
			path = "Preview Content";
			sourceTree = "<group>";
		};
		E4457B4123BDE2DA00E19410 /* Main View */ = {
			isa = PBXGroup;
			children = (
				25EB314423863154008C5904 /* ContentView.swift */,
				E4C240BA23CE90B900D3430F /* CompositeListView.swift */,
				E4457B3D23BDE2C900E19410 /* GroupRow.swift */,
				E4B5BA6923D11E7F00ACCAB7 /* InfoSheet.swift */,
			);
			path = "Main View";
			sourceTree = "<group>";
		};
		E45BC43A23BAD47700DCF304 /* Helper Tools */ = {
			isa = PBXGroup;
			children = (
				E4EA5D6D23D119A3008792B0 /* CustomSpacer.swift */,
				E48850C523C4D8150053F84D /* Constant.swift */,
				E45BC43623BAC22700DCF304 /* FontVar.swift */,
				25EB315823864645008C5904 /* DateExt.swift */,
				E4C240B823CE751D00D3430F /* SpecialColour.swift */,
				E4457B3923BAEB9B00E19410 /* NotificationExt.swift */,
			);
			path = "Helper Tools";
			sourceTree = "<group>";
		};
		E4AD3EA523BAA9A900741D4C /* Entry */ = {
			isa = PBXGroup;
			children = (
				25EB315423863665008C5904 /* EntryView.swift */,
				25EB315623864440008C5904 /* Entry.swift */,
				E4457B3B23BDB4B900E19410 /* EntryViewModel.swift */,
				E40A5F5D23D3C0470071EB09 /* YearMonthDict.swift */,
				E40A5F5F23DA386A0071EB09 /* Date+exp.swift */,
			);
			path = Entry;
			sourceTree = "<group>";
		};
/* End PBXGroup section */

/* Begin PBXNativeTarget section */
		25EB313C23863154008C5904 /* Journ */ = {
			isa = PBXNativeTarget;
			buildConfigurationList = 25EB315123863155008C5904 /* Build configuration list for PBXNativeTarget "Journ" */;
			buildPhases = (
				25EB313923863154008C5904 /* Sources */,
				25EB313A23863154008C5904 /* Frameworks */,
				25EB313B23863154008C5904 /* Resources */,
			);
			buildRules = (
			);
			dependencies = (
			);
			name = Journ;
			productName = Journ;
			productReference = 25EB313D23863154008C5904 /* Journ.app */;
			productType = "com.apple.product-type.application";
		};
/* End PBXNativeTarget section */

/* Begin PBXProject section */
		25EB313523863154008C5904 /* Project object */ = {
			isa = PBXProject;
			attributes = {
				LastSwiftUpdateCheck = 1110;
				LastUpgradeCheck = 1110;
				ORGANIZATIONNAME = "Yida Zhang";
				TargetAttributes = {
					25EB313C23863154008C5904 = {
						CreatedOnToolsVersion = 11.1;
					};
				};
			};
			buildConfigurationList = 25EB313823863154008C5904 /* Build configuration list for PBXProject "Journ" */;
			compatibilityVersion = "Xcode 9.3";
			developmentRegion = en;
			hasScannedForEncodings = 0;
			knownRegions = (
				en,
				Base,
			);
			mainGroup = 25EB313423863154008C5904;
			productRefGroup = 25EB313E23863154008C5904 /* Products */;
			projectDirPath = "";
			projectRoot = "";
			targets = (
				25EB313C23863154008C5904 /* Journ */,
			);
		};
/* End PBXProject section */

/* Begin PBXResourcesBuildPhase section */
		25EB313B23863154008C5904 /* Resources */ = {
			isa = PBXResourcesBuildPhase;
			buildActionMask = 2147483647;
			files = (
				25EB314D23863155008C5904 /* LaunchScreen.storyboard in Resources */,
				25EB314A23863155008C5904 /* Preview Assets.xcassets in Resources */,
				25EB314723863155008C5904 /* Assets.xcassets in Resources */,
			);
			runOnlyForDeploymentPostprocessing = 0;
		};
/* End PBXResourcesBuildPhase section */

/* Begin PBXSourcesBuildPhase section */
		25EB313923863154008C5904 /* Sources */ = {
			isa = PBXSourcesBuildPhase;
			buildActionMask = 2147483647;
			files = (
				E4C240BB23CE90B900D3430F /* CompositeListView.swift in Sources */,
				E4457B3E23BDE2C900E19410 /* GroupRow.swift in Sources */,
				25EB315723864440008C5904 /* Entry.swift in Sources */,
				25EB314123863154008C5904 /* AppDelegate.swift in Sources */,
				E4457B3A23BAEB9B00E19410 /* NotificationExt.swift in Sources */,
				25EB314323863154008C5904 /* SceneDelegate.swift in Sources */,
				25EB314523863154008C5904 /* ContentView.swift in Sources */,
				E4C240B923CE751D00D3430F /* SpecialColour.swift in Sources */,
				E4EA5D6E23D119A3008792B0 /* CustomSpacer.swift in Sources */,
				E40A5F5E23D3C0470071EB09 /* YearMonthDict.swift in Sources */,
				E45BC43723BAC22700DCF304 /* FontVar.swift in Sources */,
				E4457B3C23BDB4B900E19410 /* EntryViewModel.swift in Sources */,
				25EB315523863665008C5904 /* EntryView.swift in Sources */,
				25EB315923864645008C5904 /* DateExt.swift in Sources */,
				E40A5F6023DA386A0071EB09 /* Date+exp.swift in Sources */,
				E48850C623C4D8150053F84D /* Constant.swift in Sources */,
				E4B5BA6A23D11E7F00ACCAB7 /* InfoSheet.swift in Sources */,
			);
			runOnlyForDeploymentPostprocessing = 0;
		};
/* End PBXSourcesBuildPhase section */

/* Begin PBXVariantGroup section */
		25EB314B23863155008C5904 /* LaunchScreen.storyboard */ = {
			isa = PBXVariantGroup;
			children = (
				25EB314C23863155008C5904 /* Base */,
			);
			name = LaunchScreen.storyboard;
			sourceTree = "<group>";
		};
/* End PBXVariantGroup section */

/* Begin XCBuildConfiguration section */
		25EB314F23863155008C5904 /* Debug */ = {
			isa = XCBuildConfiguration;
			buildSettings = {
				ALWAYS_SEARCH_USER_PATHS = NO;
				CLANG_ANALYZER_NONNULL = YES;
				CLANG_ANALYZER_NUMBER_OBJECT_CONVERSION = YES_AGGRESSIVE;
				CLANG_CXX_LANGUAGE_STANDARD = "gnu++14";
				CLANG_CXX_LIBRARY = "libc++";
				CLANG_ENABLE_MODULES = YES;
				CLANG_ENABLE_OBJC_ARC = YES;
				CLANG_ENABLE_OBJC_WEAK = YES;
				CLANG_WARN_BLOCK_CAPTURE_AUTORELEASING = YES;
				CLANG_WARN_BOOL_CONVERSION = YES;
				CLANG_WARN_COMMA = YES;
				CLANG_WARN_CONSTANT_CONVERSION = YES;
				CLANG_WARN_DEPRECATED_OBJC_IMPLEMENTATIONS = YES;
				CLANG_WARN_DIRECT_OBJC_ISA_USAGE = YES_ERROR;
				CLANG_WARN_DOCUMENTATION_COMMENTS = YES;
				CLANG_WARN_EMPTY_BODY = YES;
				CLANG_WARN_ENUM_CONVERSION = YES;
				CLANG_WARN_INFINITE_RECURSION = YES;
				CLANG_WARN_INT_CONVERSION = YES;
				CLANG_WARN_NON_LITERAL_NULL_CONVERSION = YES;
				CLANG_WARN_OBJC_IMPLICIT_RETAIN_SELF = YES;
				CLANG_WARN_OBJC_LITERAL_CONVERSION = YES;
				CLANG_WARN_OBJC_ROOT_CLASS = YES_ERROR;
				CLANG_WARN_RANGE_LOOP_ANALYSIS = YES;
				CLANG_WARN_STRICT_PROTOTYPES = YES;
				CLANG_WARN_SUSPICIOUS_MOVE = YES;
				CLANG_WARN_UNGUARDED_AVAILABILITY = YES_AGGRESSIVE;
				CLANG_WARN_UNREACHABLE_CODE = YES;
				CLANG_WARN__DUPLICATE_METHOD_MATCH = YES;
				COPY_PHASE_STRIP = NO;
				DEBUG_INFORMATION_FORMAT = dwarf;
				ENABLE_STRICT_OBJC_MSGSEND = YES;
				ENABLE_TESTABILITY = YES;
				GCC_C_LANGUAGE_STANDARD = gnu11;
				GCC_DYNAMIC_NO_PIC = NO;
				GCC_NO_COMMON_BLOCKS = YES;
				GCC_OPTIMIZATION_LEVEL = 0;
				GCC_PREPROCESSOR_DEFINITIONS = (
					"DEBUG=1",
					"$(inherited)",
				);
				GCC_WARN_64_TO_32_BIT_CONVERSION = YES;
				GCC_WARN_ABOUT_RETURN_TYPE = YES_ERROR;
				GCC_WARN_UNDECLARED_SELECTOR = YES;
				GCC_WARN_UNINITIALIZED_AUTOS = YES_AGGRESSIVE;
				GCC_WARN_UNUSED_FUNCTION = YES;
				GCC_WARN_UNUSED_VARIABLE = YES;
				IPHONEOS_DEPLOYMENT_TARGET = 13.1;
				MTL_ENABLE_DEBUG_INFO = INCLUDE_SOURCE;
				MTL_FAST_MATH = YES;
				ONLY_ACTIVE_ARCH = YES;
				SDKROOT = iphoneos;
				SWIFT_ACTIVE_COMPILATION_CONDITIONS = DEBUG;
				SWIFT_OPTIMIZATION_LEVEL = "-Onone";
			};
			name = Debug;
		};
		25EB315023863155008C5904 /* Release */ = {
			isa = XCBuildConfiguration;
			buildSettings = {
				ALWAYS_SEARCH_USER_PATHS = NO;
				CLANG_ANALYZER_NONNULL = YES;
				CLANG_ANALYZER_NUMBER_OBJECT_CONVERSION = YES_AGGRESSIVE;
				CLANG_CXX_LANGUAGE_STANDARD = "gnu++14";
				CLANG_CXX_LIBRARY = "libc++";
				CLANG_ENABLE_MODULES = YES;
				CLANG_ENABLE_OBJC_ARC = YES;
				CLANG_ENABLE_OBJC_WEAK = YES;
				CLANG_WARN_BLOCK_CAPTURE_AUTORELEASING = YES;
				CLANG_WARN_BOOL_CONVERSION = YES;
				CLANG_WARN_COMMA = YES;
				CLANG_WARN_CONSTANT_CONVERSION = YES;
				CLANG_WARN_DEPRECATED_OBJC_IMPLEMENTATIONS = YES;
				CLANG_WARN_DIRECT_OBJC_ISA_USAGE = YES_ERROR;
				CLANG_WARN_DOCUMENTATION_COMMENTS = YES;
				CLANG_WARN_EMPTY_BODY = YES;
				CLANG_WARN_ENUM_CONVERSION = YES;
				CLANG_WARN_INFINITE_RECURSION = YES;
				CLANG_WARN_INT_CONVERSION = YES;
				CLANG_WARN_NON_LITERAL_NULL_CONVERSION = YES;
				CLANG_WARN_OBJC_IMPLICIT_RETAIN_SELF = YES;
				CLANG_WARN_OBJC_LITERAL_CONVERSION = YES;
				CLANG_WARN_OBJC_ROOT_CLASS = YES_ERROR;
				CLANG_WARN_RANGE_LOOP_ANALYSIS = YES;
				CLANG_WARN_STRICT_PROTOTYPES = YES;
				CLANG_WARN_SUSPICIOUS_MOVE = YES;
				CLANG_WARN_UNGUARDED_AVAILABILITY = YES_AGGRESSIVE;
				CLANG_WARN_UNREACHABLE_CODE = YES;
				CLANG_WARN__DUPLICATE_METHOD_MATCH = YES;
				COPY_PHASE_STRIP = NO;
				DEBUG_INFORMATION_FORMAT = "dwarf-with-dsym";
				ENABLE_NS_ASSERTIONS = NO;
				ENABLE_STRICT_OBJC_MSGSEND = YES;
				GCC_C_LANGUAGE_STANDARD = gnu11;
				GCC_NO_COMMON_BLOCKS = YES;
				GCC_WARN_64_TO_32_BIT_CONVERSION = YES;
				GCC_WARN_ABOUT_RETURN_TYPE = YES_ERROR;
				GCC_WARN_UNDECLARED_SELECTOR = YES;
				GCC_WARN_UNINITIALIZED_AUTOS = YES_AGGRESSIVE;
				GCC_WARN_UNUSED_FUNCTION = YES;
				GCC_WARN_UNUSED_VARIABLE = YES;
				IPHONEOS_DEPLOYMENT_TARGET = 13.1;
				MTL_ENABLE_DEBUG_INFO = NO;
				MTL_FAST_MATH = YES;
				SDKROOT = iphoneos;
				SWIFT_COMPILATION_MODE = wholemodule;
				SWIFT_OPTIMIZATION_LEVEL = "-O";
				VALIDATE_PRODUCT = YES;
			};
			name = Release;
		};
		25EB315223863155008C5904 /* Debug */ = {
			isa = XCBuildConfiguration;
			buildSettings = {
				ASSETCATALOG_COMPILER_APPICON_NAME = AppIcon;
				CODE_SIGN_STYLE = Automatic;
				DEVELOPMENT_ASSET_PATHS = "\"Journ/Preview Content\"";
				DEVELOPMENT_TEAM = W9299UY4N9;
				ENABLE_PREVIEWS = YES;
				INFOPLIST_FILE = Journ/Info.plist;
				LD_RUNPATH_SEARCH_PATHS = (
					"$(inherited)",
					"@executable_path/Frameworks",
				);
				PRODUCT_BUNDLE_IDENTIFIER = com.yidada.Journ;
				PRODUCT_NAME = "$(TARGET_NAME)";
				SWIFT_VERSION = 5.0;
				TARGETED_DEVICE_FAMILY = "1,2";
			};
			name = Debug;
		};
		25EB315323863155008C5904 /* Release */ = {
			isa = XCBuildConfiguration;
			buildSettings = {
				ASSETCATALOG_COMPILER_APPICON_NAME = AppIcon;
				CODE_SIGN_STYLE = Automatic;
				DEVELOPMENT_ASSET_PATHS = "\"Journ/Preview Content\"";
				DEVELOPMENT_TEAM = W9299UY4N9;
				ENABLE_PREVIEWS = YES;
				INFOPLIST_FILE = Journ/Info.plist;
				LD_RUNPATH_SEARCH_PATHS = (
					"$(inherited)",
					"@executable_path/Frameworks",
				);
				PRODUCT_BUNDLE_IDENTIFIER = com.yidada.Journ;
				PRODUCT_NAME = "$(TARGET_NAME)";
				SWIFT_VERSION = 5.0;
				TARGETED_DEVICE_FAMILY = "1,2";
			};
			name = Release;
		};
/* End XCBuildConfiguration section */

/* Begin XCConfigurationList section */
		25EB313823863154008C5904 /* Build configuration list for PBXProject "Journ" */ = {
			isa = XCConfigurationList;
			buildConfigurations = (
				25EB314F23863155008C5904 /* Debug */,
				25EB315023863155008C5904 /* Release */,
			);
			defaultConfigurationIsVisible = 0;
			defaultConfigurationName = Release;
		};
		25EB315123863155008C5904 /* Build configuration list for PBXNativeTarget "Journ" */ = {
			isa = XCConfigurationList;
			buildConfigurations = (
				25EB315223863155008C5904 /* Debug */,
				25EB315323863155008C5904 /* Release */,
			);
			defaultConfigurationIsVisible = 0;
			defaultConfigurationName = Release;
		};
/* End XCConfigurationList section */
	};
	rootObject = 25EB313523863154008C5904 /* Project object */;
}
